// !$*UTF8*$!
{
	archiveVersion = 1;
	classes = {
	};
	objectVersion = 50;
	objects = {

/* Begin PBXBuildFile section */
		D8131404262680FD007D02D8 /* AppDelegate.m in Sources */ = {isa = PBXBuildFile; fileRef = D8131403262680FD007D02D8 /* AppDelegate.m */; };
		D8131407262680FD007D02D8 /* SceneDelegate.m in Sources */ = {isa = PBXBuildFile; fileRef = D8131406262680FD007D02D8 /* SceneDelegate.m */; };
		D813140A262680FD007D02D8 /* ViewController.m in Sources */ = {isa = PBXBuildFile; fileRef = D8131409262680FD007D02D8 /* ViewController.m */; };
		D813140D262680FD007D02D8 /* Main.storyboard in Resources */ = {isa = PBXBuildFile; fileRef = D813140B262680FD007D02D8 /* Main.storyboard */; };
		D813140F26268100007D02D8 /* Assets.xcassets in Resources */ = {isa = PBXBuildFile; fileRef = D813140E26268100007D02D8 /* Assets.xcassets */; };
		D813141226268100007D02D8 /* LaunchScreen.storyboard in Resources */ = {isa = PBXBuildFile; fileRef = D813141026268100007D02D8 /* LaunchScreen.storyboard */; };
		D813141526268100007D02D8 /* main.m in Sources */ = {isa = PBXBuildFile; fileRef = D813141426268100007D02D8 /* main.m */; };
		D813141F2626811B007D02D8 /* TestView.m in Sources */ = {isa = PBXBuildFile; fileRef = D813141E2626811B007D02D8 /* TestView.m */; };
/* End PBXBuildFile section */

/* Begin PBXFileReference section */
		D81313FF262680FD007D02D8 /* BBTest_DD.app */ = {isa = PBXFileReference; explicitFileType = wrapper.application; includeInIndex = 0; path = BBTest_DD.app; sourceTree = BUILT_PRODUCTS_DIR; };
		D8131402262680FD007D02D8 /* AppDelegate.h */ = {isa = PBXFileReference; lastKnownFileType = sourcecode.c.h; path = AppDelegate.h; sourceTree = "<group>"; };
		D8131403262680FD007D02D8 /* AppDelegate.m */ = {isa = PBXFileReference; lastKnownFileType = sourcecode.c.objc; path = AppDelegate.m; sourceTree = "<group>"; };
		D8131405262680FD007D02D8 /* SceneDelegate.h */ = {isa = PBXFileReference; lastKnownFileType = sourcecode.c.h; path = SceneDelegate.h; sourceTree = "<group>"; };
		D8131406262680FD007D02D8 /* SceneDelegate.m */ = {isa = PBXFileReference; lastKnownFileType = sourcecode.c.objc; path = SceneDelegate.m; sourceTree = "<group>"; };
		D8131408262680FD007D02D8 /* ViewController.h */ = {isa = PBXFileReference; lastKnownFileType = sourcecode.c.h; path = ViewController.h; sourceTree = "<group>"; };
		D8131409262680FD007D02D8 /* ViewController.m */ = {isa = PBXFileReference; lastKnownFileType = sourcecode.c.objc; path = ViewController.m; sourceTree = "<group>"; };
		D813140C262680FD007D02D8 /* Base */ = {isa = PBXFileReference; lastKnownFileType = file.storyboard; name = Base; path = Base.lproj/Main.storyboard; sourceTree = "<group>"; };
		D813140E26268100007D02D8 /* Assets.xcassets */ = {isa = PBXFileReference; lastKnownFileType = folder.assetcatalog; path = Assets.xcassets; sourceTree = "<group>"; };
		D813141126268100007D02D8 /* Base */ = {isa = PBXFileReference; lastKnownFileType = file.storyboard; name = Base; path = Base.lproj/LaunchScreen.storyboard; sourceTree = "<group>"; };
		D813141326268100007D02D8 /* Info.plist */ = {isa = PBXFileReference; lastKnownFileType = text.plist.xml; path = Info.plist; sourceTree = "<group>"; };
		D813141426268100007D02D8 /* main.m */ = {isa = PBXFileReference; lastKnownFileType = sourcecode.c.objc; path = main.m; sourceTree = "<group>"; };
		D813141D2626811B007D02D8 /* TestView.h */ = {isa = PBXFileReference; lastKnownFileType = sourcecode.c.h; path = TestView.h; sourceTree = "<group>"; };
		D813141E2626811B007D02D8 /* TestView.m */ = {isa = PBXFileReference; lastKnownFileType = sourcecode.c.objc; path = TestView.m; sourceTree = "<group>"; };
/* End PBXFileReference section */

/* Begin PBXFrameworksBuildPhase section */
		D81313FC262680FD007D02D8 /* Frameworks */ = {
			isa = PBXFrameworksBuildPhase;
			buildActionMask = 2147483647;
			files = (
			);
			runOnlyForDeploymentPostprocessing = 0;
		};
/* End PBXFrameworksBuildPhase section */

/* Begin PBXGroup section */
		D81313F6262680FD007D02D8 = {
			isa = PBXGroup;
			children = (
				D8131401262680FD007D02D8 /* BBTest_DD */,
				D8131400262680FD007D02D8 /* Products */,
			);
			sourceTree = "<group>";
		};
		D8131400262680FD007D02D8 /* Products */ = {
			isa = PBXGroup;
			children = (
				D81313FF262680FD007D02D8 /* BBTest_DD.app */,
			);
			name = Products;
			sourceTree = "<group>";
		};
		D8131401262680FD007D02D8 /* BBTest_DD */ = {
			isa = PBXGroup;
			children = (
				D813141C2626810C007D02D8 /* Test_DD */,
				D8131402262680FD007D02D8 /* AppDelegate.h */,
				D8131403262680FD007D02D8 /* AppDelegate.m */,
				D8131405262680FD007D02D8 /* SceneDelegate.h */,
				D8131406262680FD007D02D8 /* SceneDelegate.m */,
				D8131408262680FD007D02D8 /* ViewController.h */,
				D8131409262680FD007D02D8 /* ViewController.m */,
				D813140B262680FD007D02D8 /* Main.storyboard */,
				D813140E26268100007D02D8 /* Assets.xcassets */,
				D813141026268100007D02D8 /* LaunchScreen.storyboard */,
				D813141326268100007D02D8 /* Info.plist */,
				D813141426268100007D02D8 /* main.m */,
			);
			path = BBTest_DD;
			sourceTree = "<group>";
		};
		D813141C2626810C007D02D8 /* Test_DD */ = {
			isa = PBXGroup;
			children = (
				D813141D2626811B007D02D8 /* TestView.h */,
				D813141E2626811B007D02D8 /* TestView.m */,
			);
			path = Test_DD;
			sourceTree = "<group>";
		};
/* End PBXGroup section */

/* Begin PBXNativeTarget section */
		D81313FE262680FD007D02D8 /* BBTest_DD */ = {
			isa = PBXNativeTarget;
			buildConfigurationList = D813141826268100007D02D8 /* Build configuration list for PBXNativeTarget "BBTest_DD" */;
			buildPhases = (
				D81313FB262680FD007D02D8 /* Sources */,
				D81313FC262680FD007D02D8 /* Frameworks */,
				D81313FD262680FD007D02D8 /* Resources */,
			);
			buildRules = (
			);
			dependencies = (
			);
			name = BBTest_DD;
			productName = BBTest_DD;
			productReference = D81313FF262680FD007D02D8 /* BBTest_DD.app */;
			productType = "com.apple.product-type.application";
		};
/* End PBXNativeTarget section */

/* Begin PBXProject section */
		D81313F7262680FD007D02D8 /* Project object */ = {
			isa = PBXProject;
			attributes = {
				LastUpgradeCheck = 1240;
				TargetAttributes = {
					D81313FE262680FD007D02D8 = {
						CreatedOnToolsVersion = 12.4;
					};
				};
			};
			buildConfigurationList = D81313FA262680FD007D02D8 /* Build configuration list for PBXProject "BBTest_DD" */;
			compatibilityVersion = "Xcode 9.3";
			developmentRegion = en;
			hasScannedForEncodings = 0;
			knownRegions = (
				en,
				Base,
			);
			mainGroup = D81313F6262680FD007D02D8;
			productRefGroup = D8131400262680FD007D02D8 /* Products */;
			projectDirPath = "";
			projectRoot = "";
			targets = (
				D81313FE262680FD007D02D8 /* BBTest_DD */,
			);
		};
/* End PBXProject section */

/* Begin PBXResourcesBuildPhase section */
		D81313FD262680FD007D02D8 /* Resources */ = {
			isa = PBXResourcesBuildPhase;
			buildActionMask = 2147483647;
			files = (
				D813141226268100007D02D8 /* LaunchScreen.storyboard in Resources */,
				D813140F26268100007D02D8 /* Assets.xcassets in Resources */,
				D813140D262680FD007D02D8 /* Main.storyboard in Resources */,
			);
			runOnlyForDeploymentPostprocessing = 0;
		};
/* End PBXResourcesBuildPhase section */

/* Begin PBXSourcesBuildPhase section */
		D81313FB262680FD007D02D8 /* Sources */ = {
			isa = PBXSourcesBuildPhase;
			buildActionMask = 2147483647;
			files = (
				D813140A262680FD007D02D8 /* ViewController.m in Sources */,
				D8131404262680FD007D02D8 /* AppDelegate.m in Sources */,
				D813141F2626811B007D02D8 /* TestView.m in Sources */,
				D813141526268100007D02D8 /* main.m in Sources */,
				D8131407262680FD007D02D8 /* SceneDelegate.m in Sources */,
			);
			runOnlyForDeploymentPostprocessing = 0;
		};
/* End PBXSourcesBuildPhase section */

/* Begin PBXVariantGroup section */
		D813140B262680FD007D02D8 /* Main.storyboard */ = {
			isa = PBXVariantGroup;
			children = (
				D813140C262680FD007D02D8 /* Base */,
			);
			name = Main.storyboard;
			sourceTree = "<group>";
		};
		D813141026268100007D02D8 /* LaunchScreen.storyboard */ = {
			isa = PBXVariantGroup;
			children = (
				D813141126268100007D02D8 /* Base */,
			);
			name = LaunchScreen.storyboard;
			sourceTree = "<group>";
		};
/* End PBXVariantGroup section */

/* Begin XCBuildConfiguration section */
		D813141626268100007D02D8 /* Debug */ = {
			isa = XCBuildConfiguration;
			buildSettings = {
				ALWAYS_SEARCH_USER_PATHS = NO;
				CLANG_ANALYZER_NONNULL = YES;
				CLANG_ANALYZER_NUMBER_OBJECT_CONVERSION = YES_AGGRESSIVE;
				CLANG_CXX_LANGUAGE_STANDARD = "gnu++14";
				CLANG_CXX_LIBRARY = "libc++";
				CLANG_ENABLE_MODULES = YES;
				CLANG_ENABLE_OBJC_ARC = YES;
				CLANG_ENABLE_OBJC_WEAK = YES;
				CLANG_WARN_BLOCK_CAPTURE_AUTORELEASING = YES;
				CLANG_WARN_BOOL_CONVERSION = YES;
				CLANG_WARN_COMMA = YES;
				CLANG_WARN_CONSTANT_CONVERSION = YES;
				CLANG_WARN_DEPRECATED_OBJC_IMPLEMENTATIONS = YES;
				CLANG_WARN_DIRECT_OBJC_ISA_USAGE = YES_ERROR;
				CLANG_WARN_DOCUMENTATION_COMMENTS = YES;
				CLANG_WARN_EMPTY_BODY = YES;
				CLANG_WARN_ENUM_CONVERSION = YES;
				CLANG_WARN_INFINITE_RECURSION = YES;
				CLANG_WARN_INT_CONVERSION = YES;
				CLANG_WARN_NON_LITERAL_NULL_CONVERSION = YES;
				CLANG_WARN_OBJC_IMPLICIT_RETAIN_SELF = YES;
				CLANG_WARN_OBJC_LITERAL_CONVERSION = YES;
				CLANG_WARN_OBJC_ROOT_CLASS = YES_ERROR;
				CLANG_WARN_QUOTED_INCLUDE_IN_FRAMEWORK_HEADER = YES;
				CLANG_WARN_RANGE_LOOP_ANALYSIS = YES;
				CLANG_WARN_STRICT_PROTOTYPES = YES;
				CLANG_WARN_SUSPICIOUS_MOVE = YES;
				CLANG_WARN_UNGUARDED_AVAILABILITY = YES_AGGRESSIVE;
				CLANG_WARN_UNREACHABLE_CODE = YES;
				CLANG_WARN__DUPLICATE_METHOD_MATCH = YES;
				COPY_PHASE_STRIP = NO;
				DEBUG_INFORMATION_FORMAT = dwarf;
				ENABLE_STRICT_OBJC_MSGSEND = YES;
				ENABLE_TESTABILITY = YES;
				GCC_C_LANGUAGE_STANDARD = gnu11;
				GCC_DYNAMIC_NO_PIC = NO;
				GCC_NO_COMMON_BLOCKS = YES;
				GCC_OPTIMIZATION_LEVEL = 0;
				GCC_PREPROCESSOR_DEFINITIONS = (
					"DEBUG=1",
					"$(inherited)",
				);
				GCC_WARN_64_TO_32_BIT_CONVERSION = YES;
				GCC_WARN_ABOUT_RETURN_TYPE = YES_ERROR;
				GCC_WARN_UNDECLARED_SELECTOR = YES;
				GCC_WARN_UNINITIALIZED_AUTOS = YES_AGGRESSIVE;
				GCC_WARN_UNUSED_FUNCTION = YES;
				GCC_WARN_UNUSED_VARIABLE = YES;
				IPHONEOS_DEPLOYMENT_TARGET = 14.4;
				MTL_ENABLE_DEBUG_INFO = INCLUDE_SOURCE;
				MTL_FAST_MATH = YES;
				ONLY_ACTIVE_ARCH = YES;
				SDKROOT = iphoneos;
			};
			name = Debug;
		};
		D813141726268100007D02D8 /* Release */ = {
			isa = XCBuildConfiguration;
			buildSettings = {
				ALWAYS_SEARCH_USER_PATHS = NO;
				CLANG_ANALYZER_NONNULL = YES;
				CLANG_ANALYZER_NUMBER_OBJECT_CONVERSION = YES_AGGRESSIVE;
				CLANG_CXX_LANGUAGE_STANDARD = "gnu++14";
				CLANG_CXX_LIBRARY = "libc++";
				CLANG_ENABLE_MODULES = YES;
				CLANG_ENABLE_OBJC_ARC = YES;
				CLANG_ENABLE_OBJC_WEAK = YES;
				CLANG_WARN_BLOCK_CAPTURE_AUTORELEASING = YES;
				CLANG_WARN_BOOL_CONVERSION = YES;
				CLANG_WARN_COMMA = YES;
				CLANG_WARN_CONSTANT_CONVERSION = YES;
				CLANG_WARN_DEPRECATED_OBJC_IMPLEMENTATIONS = YES;
				CLANG_WARN_DIRECT_OBJC_ISA_USAGE = YES_ERROR;
				CLANG_WARN_DOCUMENTATION_COMMENTS = YES;
				CLANG_WARN_EMPTY_BODY = YES;
				CLANG_WARN_ENUM_CONVERSION = YES;
				CLANG_WARN_INFINITE_RECURSION = YES;
				CLANG_WARN_INT_CONVERSION = YES;
				CLANG_WARN_NON_LITERAL_NULL_CONVERSION = YES;
				CLANG_WARN_OBJC_IMPLICIT_RETAIN_SELF = YES;
				CLANG_WARN_OBJC_LITERAL_CONVERSION = YES;
				CLANG_WARN_OBJC_ROOT_CLASS = YES_ERROR;
				CLANG_WARN_QUOTED_INCLUDE_IN_FRAMEWORK_HEADER = YES;
				CLANG_WARN_RANGE_LOOP_ANALYSIS = YES;
				CLANG_WARN_STRICT_PROTOTYPES = YES;
				CLANG_WARN_SUSPICIOUS_MOVE = YES;
				CLANG_WARN_UNGUARDED_AVAILABILITY = YES_AGGRESSIVE;
				CLANG_WARN_UNREACHABLE_CODE = YES;
				CLANG_WARN__DUPLICATE_METHOD_MATCH = YES;
				COPY_PHASE_STRIP = NO;
				DEBUG_INFORMATION_FORMAT = "dwarf-with-dsym";
				ENABLE_NS_ASSERTIONS = NO;
				ENABLE_STRICT_OBJC_MSGSEND = YES;
				GCC_C_LANGUAGE_STANDARD = gnu11;
				GCC_NO_COMMON_BLOCKS = YES;
				GCC_WARN_64_TO_32_BIT_CONVERSION = YES;
				GCC_WARN_ABOUT_RETURN_TYPE = YES_ERROR;
				GCC_WARN_UNDECLARED_SELECTOR = YES;
				GCC_WARN_UNINITIALIZED_AUTOS = YES_AGGRESSIVE;
				GCC_WARN_UNUSED_FUNCTION = YES;
				GCC_WARN_UNUSED_VARIABLE = YES;
				IPHONEOS_DEPLOYMENT_TARGET = 14.4;
				MTL_ENABLE_DEBUG_INFO = NO;
				MTL_FAST_MATH = YES;
				SDKROOT = iphoneos;
				VALIDATE_PRODUCT = YES;
			};
			name = Release;
		};
		D813141926268100007D02D8 /* Debug */ = {
			isa = XCBuildConfiguration;
			buildSettings = {
				ASSETCATALOG_COMPILER_APPICON_NAME = AppIcon;
				ASSETCATALOG_COMPILER_GLOBAL_ACCENT_COLOR_NAME = AccentColor;
				CODE_SIGN_STYLE = Automatic;
				INFOPLIST_FILE = BBTest_DD/Info.plist;
				LD_RUNPATH_SEARCH_PATHS = (
					"$(inherited)",
					"@executable_path/Frameworks",
				);
				MARKETING_VERSION = 1.0.0;
				PRODUCT_BUNDLE_IDENTIFIER = "com.zlxx.BBTest-DD";
				PRODUCT_NAME = "$(TARGET_NAME)";
				TARGETED_DEVICE_FAMILY = "1,2";
			};
			name = Debug;
		};
		D813141A26268100007D02D8 /* Release */ = {
			isa = XCBuildConfiguration;
			buildSettings = {
				ASSETCATALOG_COMPILER_APPICON_NAME = AppIcon;
				ASSETCATALOG_COMPILER_GLOBAL_ACCENT_COLOR_NAME = AccentColor;
				CODE_SIGN_STYLE = Automatic;
				INFOPLIST_FILE = BBTest_DD/Info.plist;
				LD_RUNPATH_SEARCH_PATHS = (
					"$(inherited)",
					"@executable_path/Frameworks",
				);
				MARKETING_VERSION = 1.0.0;
				PRODUCT_BUNDLE_IDENTIFIER = "com.zlxx.BBTest-DD";
				PRODUCT_NAME = "$(TARGET_NAME)";
				TARGETED_DEVICE_FAMILY = "1,2";
			};
			name = Release;
		};
/* End XCBuildConfiguration section */

/* Begin XCConfigurationList section */
		D81313FA262680FD007D02D8 /* Build configuration list for PBXProject "BBTest_DD" */ = {
			isa = XCConfigurationList;
			buildConfigurations = (
				D813141626268100007D02D8 /* Debug */,
				D813141726268100007D02D8 /* Release */,
			);
			defaultConfigurationIsVisible = 0;
			defaultConfigurationName = Release;
		};
		D813141826268100007D02D8 /* Build configuration list for PBXNativeTarget "BBTest_DD" */ = {
			isa = XCConfigurationList;
			buildConfigurations = (
				D813141926268100007D02D8 /* Debug */,
				D813141A26268100007D02D8 /* Release */,
			);
			defaultConfigurationIsVisible = 0;
			defaultConfigurationName = Release;
		};
/* End XCConfigurationList section */
	};
	rootObject = D81313F7262680FD007D02D8 /* Project object */;
}
